# THIS IS AN AUTOGENERATED FILE. DO NOT EDIT THIS FILE DIRECTLY.
# yarn lockfile v1


adm-zip@^0.5.9:
  version "0.5.9"
  resolved "https://registry.yarnpkg.com/adm-zip/-/adm-zip-0.5.9.tgz#b33691028333821c0cf95c31374c5462f2905a83"
  integrity sha512-s+3fXLkeeLjZ2kLjCBwQufpI5fuN+kIGBxu6530nVQZGVol0d7Y/M88/xw9HGGUcJjKf8LutN3VPRUBq6N7Ajg==
